// !$*UTF8*$!
{
	archiveVersion = 1;
	classes = {
	};
	objectVersion = 70;
	objects = {

/* Begin PBXBuildFile section */
		84F57C322C57037100699656 /* swiftUIPracticeApp.swift in Sources */ = {isa = PBXBuildFile; fileRef = 84F57C312C57037100699656 /* swiftUIPracticeApp.swift */; };
		84F57C342C57037100699656 /* ContentView.swift in Sources */ = {isa = PBXBuildFile; fileRef = 84F57C332C57037100699656 /* ContentView.swift */; };
		84F57C362C57037300699656 /* Assets.xcassets in Resources */ = {isa = PBXBuildFile; fileRef = 84F57C352C57037300699656 /* Assets.xcassets */; };
		84F57C392C57037300699656 /* Preview Assets.xcassets in Resources */ = {isa = PBXBuildFile; fileRef = 84F57C382C57037300699656 /* Preview Assets.xcassets */; };
		84F57C432C57037300699656 /* swiftUIPracticeTests.swift in Sources */ = {isa = PBXBuildFile; fileRef = 84F57C422C57037300699656 /* swiftUIPracticeTests.swift */; };
		84F57C4D2C57037300699656 /* swiftUIPracticeUITests.swift in Sources */ = {isa = PBXBuildFile; fileRef = 84F57C4C2C57037300699656 /* swiftUIPracticeUITests.swift */; };
		84F57C4F2C57037300699656 /* swiftUIPracticeUITestsLaunchTests.swift in Sources */ = {isa = PBXBuildFile; fileRef = 84F57C4E2C57037300699656 /* swiftUIPracticeUITestsLaunchTests.swift */; };
		88D893F92CB44E72000E9DD3 /* CustomText.swift in Sources */ = {isa = PBXBuildFile; fileRef = 88D893F82CB44E72000E9DD3 /* CustomText.swift */; };
		88D893FB2CB457CF000E9DD3 /* CustomLoading.swift in Sources */ = {isa = PBXBuildFile; fileRef = 88D893FA2CB457CF000E9DD3 /* CustomLoading.swift */; };
		88D893FD2CB45DE2000E9DD3 /* CustomInput.swift in Sources */ = {isa = PBXBuildFile; fileRef = 88D893FC2CB45DE2000E9DD3 /* CustomInput.swift */; };
		88D893FF2CB45E68000E9DD3 /* CustomButton.swift in Sources */ = {isa = PBXBuildFile; fileRef = 88D893FE2CB45E68000E9DD3 /* CustomButton.swift */; };
		88D894012CB46249000E9DD3 /* CustomAlert.swift in Sources */ = {isa = PBXBuildFile; fileRef = 88D894002CB46249000E9DD3 /* CustomAlert.swift */; };
/* End PBXBuildFile section */

/* Begin PBXContainerItemProxy section */
		84F57C3F2C57037300699656 /* PBXContainerItemProxy */ = {
			isa = PBXContainerItemProxy;
			containerPortal = 84F57C262C57037100699656 /* Project object */;
			proxyType = 1;
			remoteGlobalIDString = 84F57C2D2C57037100699656;
			remoteInfo = swiftUIPractice;
		};
		84F57C492C57037300699656 /* PBXContainerItemProxy */ = {
			isa = PBXContainerItemProxy;
			containerPortal = 84F57C262C57037100699656 /* Project object */;
			proxyType = 1;
			remoteGlobalIDString = 84F57C2D2C57037100699656;
			remoteInfo = swiftUIPractice;
		};
/* End PBXContainerItemProxy section */

/* Begin PBXFileReference section */
		84F57C2E2C57037100699656 /* swiftUIPractice.app */ = {isa = PBXFileReference; explicitFileType = wrapper.application; includeInIndex = 0; path = swiftUIPractice.app; sourceTree = BUILT_PRODUCTS_DIR; };
		84F57C312C57037100699656 /* swiftUIPracticeApp.swift */ = {isa = PBXFileReference; lastKnownFileType = sourcecode.swift; path = swiftUIPracticeApp.swift; sourceTree = "<group>"; };
		84F57C332C57037100699656 /* ContentView.swift */ = {isa = PBXFileReference; lastKnownFileType = sourcecode.swift; path = ContentView.swift; sourceTree = "<group>"; };
		84F57C352C57037300699656 /* Assets.xcassets */ = {isa = PBXFileReference; lastKnownFileType = folder.assetcatalog; path = Assets.xcassets; sourceTree = "<group>"; };
		84F57C382C57037300699656 /* Preview Assets.xcassets */ = {isa = PBXFileReference; lastKnownFileType = folder.assetcatalog; path = "Preview Assets.xcassets"; sourceTree = "<group>"; };
		84F57C3E2C57037300699656 /* swiftUIPracticeTests.xctest */ = {isa = PBXFileReference; explicitFileType = wrapper.cfbundle; includeInIndex = 0; path = swiftUIPracticeTests.xctest; sourceTree = BUILT_PRODUCTS_DIR; };
		84F57C422C57037300699656 /* swiftUIPracticeTests.swift */ = {isa = PBXFileReference; lastKnownFileType = sourcecode.swift; path = swiftUIPracticeTests.swift; sourceTree = "<group>"; };
		84F57C482C57037300699656 /* swiftUIPracticeUITests.xctest */ = {isa = PBXFileReference; explicitFileType = wrapper.cfbundle; includeInIndex = 0; path = swiftUIPracticeUITests.xctest; sourceTree = BUILT_PRODUCTS_DIR; };
		84F57C4C2C57037300699656 /* swiftUIPracticeUITests.swift */ = {isa = PBXFileReference; lastKnownFileType = sourcecode.swift; path = swiftUIPracticeUITests.swift; sourceTree = "<group>"; };
		84F57C4E2C57037300699656 /* swiftUIPracticeUITestsLaunchTests.swift */ = {isa = PBXFileReference; lastKnownFileType = sourcecode.swift; path = swiftUIPracticeUITestsLaunchTests.swift; sourceTree = "<group>"; };
		88D893F82CB44E72000E9DD3 /* CustomText.swift */ = {isa = PBXFileReference; lastKnownFileType = sourcecode.swift; path = CustomText.swift; sourceTree = "<group>"; };
		88D893FA2CB457CF000E9DD3 /* CustomLoading.swift */ = {isa = PBXFileReference; lastKnownFileType = sourcecode.swift; path = CustomLoading.swift; sourceTree = "<group>"; };
		88D893FC2CB45DE2000E9DD3 /* CustomInput.swift */ = {isa = PBXFileReference; lastKnownFileType = sourcecode.swift; path = CustomInput.swift; sourceTree = "<group>"; };
		88D893FE2CB45E68000E9DD3 /* CustomButton.swift */ = {isa = PBXFileReference; lastKnownFileType = sourcecode.swift; path = CustomButton.swift; sourceTree = "<group>"; };
		88D894002CB46249000E9DD3 /* CustomAlert.swift */ = {isa = PBXFileReference; lastKnownFileType = sourcecode.swift; path = CustomAlert.swift; sourceTree = "<group>"; };
/* End PBXFileReference section */

/* Begin PBXFileSystemSynchronizedRootGroup section */
		885D76892D9AF9CC005BDF1A /* Features */ = {isa = PBXFileSystemSynchronizedRootGroup; explicitFileTypes = {}; explicitFolders = (); path = Features; sourceTree = "<group>"; };
		885D768B2D9AFA4F005BDF1A /* Local */ = {isa = PBXFileSystemSynchronizedRootGroup; explicitFileTypes = {}; explicitFolders = (); path = Local; sourceTree = "<group>"; };
		885D768C2D9AFA58005BDF1A /* Remote */ = {isa = PBXFileSystemSynchronizedRootGroup; explicitFileTypes = {}; explicitFolders = (); path = Remote; sourceTree = "<group>"; };
/* End PBXFileSystemSynchronizedRootGroup section */

/* Begin PBXFrameworksBuildPhase section */
		84F57C2B2C57037100699656 /* Frameworks */ = {
			isa = PBXFrameworksBuildPhase;
			buildActionMask = 2147483647;
			files = (
			);
			runOnlyForDeploymentPostprocessing = 0;
		};
		84F57C3B2C57037300699656 /* Frameworks */ = {
			isa = PBXFrameworksBuildPhase;
			buildActionMask = 2147483647;
			files = (
			);
			runOnlyForDeploymentPostprocessing = 0;
		};
		84F57C452C57037300699656 /* Frameworks */ = {
			isa = PBXFrameworksBuildPhase;
			buildActionMask = 2147483647;
			files = (
			);
			runOnlyForDeploymentPostprocessing = 0;
		};
/* End PBXFrameworksBuildPhase section */

/* Begin PBXGroup section */
		84F57C252C57037100699656 = {
			isa = PBXGroup;
			children = (
				84F57C302C57037100699656 /* swiftUIPractice */,
				84F57C412C57037300699656 /* swiftUIPracticeTests */,
				84F57C4B2C57037300699656 /* swiftUIPracticeUITests */,
				84F57C2F2C57037100699656 /* Products */,
			);
			sourceTree = "<group>";
		};
		84F57C2F2C57037100699656 /* Products */ = {
			isa = PBXGroup;
			children = (
				84F57C2E2C57037100699656 /* swiftUIPractice.app */,
				84F57C3E2C57037300699656 /* swiftUIPracticeTests.xctest */,
				84F57C482C57037300699656 /* swiftUIPracticeUITests.xctest */,
			);
			name = Products;
			sourceTree = "<group>";
		};
		84F57C302C57037100699656 /* swiftUIPractice */ = {
			isa = PBXGroup;
			children = (
				885D76892D9AF9CC005BDF1A /* Features */,
				88ECD0412C597BD4002CABD1 /* Domain */,
				88ECD0402C597BCE002CABD1 /* Data */,
				84F57C312C57037100699656 /* swiftUIPracticeApp.swift */,
				84F57C332C57037100699656 /* ContentView.swift */,
				84F57C352C57037300699656 /* Assets.xcassets */,
				84F57C372C57037300699656 /* Preview Content */,
			);
			path = swiftUIPractice;
			sourceTree = "<group>";
		};
		84F57C372C57037300699656 /* Preview Content */ = {
			isa = PBXGroup;
			children = (
				84F57C382C57037300699656 /* Preview Assets.xcassets */,
			);
			path = "Preview Content";
			sourceTree = "<group>";
		};
		84F57C412C57037300699656 /* swiftUIPracticeTests */ = {
			isa = PBXGroup;
			children = (
				84F57C422C57037300699656 /* swiftUIPracticeTests.swift */,
			);
			path = swiftUIPracticeTests;
			sourceTree = "<group>";
		};
		84F57C4B2C57037300699656 /* swiftUIPracticeUITests */ = {
			isa = PBXGroup;
			children = (
				84F57C4C2C57037300699656 /* swiftUIPracticeUITests.swift */,
				84F57C4E2C57037300699656 /* swiftUIPracticeUITestsLaunchTests.swift */,
			);
			path = swiftUIPracticeUITests;
			sourceTree = "<group>";
		};
		881505AD2CA3518D0048BAE7 /* Repository */ = {
			isa = PBXGroup;
			children = (
			);
			path = Repository;
			sourceTree = "<group>";
		};
		881505AE2CA351960048BAE7 /* UseCases */ = {
			isa = PBXGroup;
			children = (
			);
			path = UseCases;
			sourceTree = "<group>";
		};
		881505AF2CA3519D0048BAE7 /* Model */ = {
			isa = PBXGroup;
			children = (
			);
			path = Model;
			sourceTree = "<group>";
		};
		88D893EE2CB44B8A000E9DD3 /* Components */ = {
			isa = PBXGroup;
			children = (
				88D893F42CB44BC7000E9DD3 /* text */,
				88D893F22CB44BB7000E9DD3 /* loading */,
				88D893F12CB44BB0000E9DD3 /* inputs */,
				88D893F02CB44BA8000E9DD3 /* buttons */,
				88D893EF2CB44BA2000E9DD3 /* alerts */,
			);
			path = Components;
			sourceTree = "<group>";
		};
		88D893EF2CB44BA2000E9DD3 /* alerts */ = {
			isa = PBXGroup;
			children = (
				88D894002CB46249000E9DD3 /* CustomAlert.swift */,
			);
			path = alerts;
			sourceTree = "<group>";
		};
		88D893F02CB44BA8000E9DD3 /* buttons */ = {
			isa = PBXGroup;
			children = (
				88D893FE2CB45E68000E9DD3 /* CustomButton.swift */,
			);
			path = buttons;
			sourceTree = "<group>";
		};
		88D893F12CB44BB0000E9DD3 /* inputs */ = {
			isa = PBXGroup;
			children = (
				88D893FC2CB45DE2000E9DD3 /* CustomInput.swift */,
			);
			path = inputs;
			sourceTree = "<group>";
		};
		88D893F22CB44BB7000E9DD3 /* loading */ = {
			isa = PBXGroup;
			children = (
				88D893FA2CB457CF000E9DD3 /* CustomLoading.swift */,
			);
			path = loading;
			sourceTree = "<group>";
		};
		88D893F42CB44BC7000E9DD3 /* text */ = {
			isa = PBXGroup;
			children = (
				88D893F82CB44E72000E9DD3 /* CustomText.swift */,
			);
			path = text;
			sourceTree = "<group>";
		};
		88ECD0402C597BCE002CABD1 /* Data */ = {
			isa = PBXGroup;
			children = (
				885D768C2D9AFA58005BDF1A /* Remote */,
				885D768B2D9AFA4F005BDF1A /* Local */,
			);
			path = Data;
			sourceTree = "<group>";
		};
		88ECD0412C597BD4002CABD1 /* Domain */ = {
			isa = PBXGroup;
			children = (
				881505AF2CA3519D0048BAE7 /* Model */,
				881505AE2CA351960048BAE7 /* UseCases */,
				881505AD2CA3518D0048BAE7 /* Repository */,
				88D893EE2CB44B8A000E9DD3 /* Components */,
			);
			path = Domain;
			sourceTree = "<group>";
		};
/* End PBXGroup section */

/* Begin PBXNativeTarget section */
		84F57C2D2C57037100699656 /* swiftUIPractice */ = {
			isa = PBXNativeTarget;
			buildConfigurationList = 84F57C522C57037300699656 /* Build configuration list for PBXNativeTarget "swiftUIPractice" */;
			buildPhases = (
				84F57C2A2C57037100699656 /* Sources */,
				84F57C2B2C57037100699656 /* Frameworks */,
				84F57C2C2C57037100699656 /* Resources */,
			);
			buildRules = (
			);
			dependencies = (
			);
			fileSystemSynchronizedGroups = (
				885D76892D9AF9CC005BDF1A /* Features */,
				885D768B2D9AFA4F005BDF1A /* Local */,
				885D768C2D9AFA58005BDF1A /* Remote */,
			);
			name = swiftUIPractice;
			productName = swiftUIPractice;
			productReference = 84F57C2E2C57037100699656 /* swiftUIPractice.app */;
			productType = "com.apple.product-type.application";
		};
		84F57C3D2C57037300699656 /* swiftUIPracticeTests */ = {
			isa = PBXNativeTarget;
			buildConfigurationList = 84F57C552C57037300699656 /* Build configuration list for PBXNativeTarget "swiftUIPracticeTests" */;
			buildPhases = (
				84F57C3A2C57037300699656 /* Sources */,
				84F57C3B2C57037300699656 /* Frameworks */,
				84F57C3C2C57037300699656 /* Resources */,
			);
			buildRules = (
			);
			dependencies = (
				84F57C402C57037300699656 /* PBXTargetDependency */,
			);
			name = swiftUIPracticeTests;
			productName = swiftUIPracticeTests;
			productReference = 84F57C3E2C57037300699656 /* swiftUIPracticeTests.xctest */;
			productType = "com.apple.product-type.bundle.unit-test";
		};
		84F57C472C57037300699656 /* swiftUIPracticeUITests */ = {
			isa = PBXNativeTarget;
			buildConfigurationList = 84F57C582C57037300699656 /* Build configuration list for PBXNativeTarget "swiftUIPracticeUITests" */;
			buildPhases = (
				84F57C442C57037300699656 /* Sources */,
				84F57C452C57037300699656 /* Frameworks */,
				84F57C462C57037300699656 /* Resources */,
			);
			buildRules = (
			);
			dependencies = (
				84F57C4A2C57037300699656 /* PBXTargetDependency */,
			);
			name = swiftUIPracticeUITests;
			productName = swiftUIPracticeUITests;
			productReference = 84F57C482C57037300699656 /* swiftUIPracticeUITests.xctest */;
			productType = "com.apple.product-type.bundle.ui-testing";
		};
/* End PBXNativeTarget section */

/* Begin PBXProject section */
		84F57C262C57037100699656 /* Project object */ = {
			isa = PBXProject;
			attributes = {
				BuildIndependentTargetsInParallel = 1;
				LastSwiftUpdateCheck = 1540;
				LastUpgradeCheck = 1540;
				TargetAttributes = {
					84F57C2D2C57037100699656 = {
						CreatedOnToolsVersion = 15.4;
					};
					84F57C3D2C57037300699656 = {
						CreatedOnToolsVersion = 15.4;
						TestTargetID = 84F57C2D2C57037100699656;
					};
					84F57C472C57037300699656 = {
						CreatedOnToolsVersion = 15.4;
						TestTargetID = 84F57C2D2C57037100699656;
					};
				};
			};
			buildConfigurationList = 84F57C292C57037100699656 /* Build configuration list for PBXProject "swiftUIPractice" */;
			compatibilityVersion = "Xcode 14.0";
			developmentRegion = en;
			hasScannedForEncodings = 0;
			knownRegions = (
				en,
				Base,
			);
			mainGroup = 84F57C252C57037100699656;
			productRefGroup = 84F57C2F2C57037100699656 /* Products */;
			projectDirPath = "";
			projectRoot = "";
			targets = (
				84F57C2D2C57037100699656 /* swiftUIPractice */,
				84F57C3D2C57037300699656 /* swiftUIPracticeTests */,
				84F57C472C57037300699656 /* swiftUIPracticeUITests */,
			);
		};
/* End PBXProject section */

/* Begin PBXResourcesBuildPhase section */
		84F57C2C2C57037100699656 /* Resources */ = {
			isa = PBXResourcesBuildPhase;
			buildActionMask = 2147483647;
			files = (
				84F57C392C57037300699656 /* Preview Assets.xcassets in Resources */,
				84F57C362C57037300699656 /* Assets.xcassets in Resources */,
			);
			runOnlyForDeploymentPostprocessing = 0;
		};
		84F57C3C2C57037300699656 /* Resources */ = {
			isa = PBXResourcesBuildPhase;
			buildActionMask = 2147483647;
			files = (
			);
			runOnlyForDeploymentPostprocessing = 0;
		};
		84F57C462C57037300699656 /* Resources */ = {
			isa = PBXResourcesBuildPhase;
			buildActionMask = 2147483647;
			files = (
			);
			runOnlyForDeploymentPostprocessing = 0;
		};
/* End PBXResourcesBuildPhase section */

/* Begin PBXSourcesBuildPhase section */
		84F57C2A2C57037100699656 /* Sources */ = {
			isa = PBXSourcesBuildPhase;
			buildActionMask = 2147483647;
			files = (
				84F57C342C57037100699656 /* ContentView.swift in Sources */,
				84F57C322C57037100699656 /* swiftUIPracticeApp.swift in Sources */,
				88D893FB2CB457CF000E9DD3 /* CustomLoading.swift in Sources */,
				88D893FF2CB45E68000E9DD3 /* CustomButton.swift in Sources */,
				88D893F92CB44E72000E9DD3 /* CustomText.swift in Sources */,
				88D893FD2CB45DE2000E9DD3 /* CustomInput.swift in Sources */,
				88D894012CB46249000E9DD3 /* CustomAlert.swift in Sources */,
			);
			runOnlyForDeploymentPostprocessing = 0;
		};
		84F57C3A2C57037300699656 /* Sources */ = {
			isa = PBXSourcesBuildPhase;
			buildActionMask = 2147483647;
			files = (
				84F57C432C57037300699656 /* swiftUIPracticeTests.swift in Sources */,
			);
			runOnlyForDeploymentPostprocessing = 0;
		};
		84F57C442C57037300699656 /* Sources */ = {
			isa = PBXSourcesBuildPhase;
			buildActionMask = 2147483647;
			files = (
				84F57C4D2C57037300699656 /* swiftUIPracticeUITests.swift in Sources */,
				84F57C4F2C57037300699656 /* swiftUIPracticeUITestsLaunchTests.swift in Sources */,
			);
			runOnlyForDeploymentPostprocessing = 0;
		};
/* End PBXSourcesBuildPhase section */

/* Begin PBXTargetDependency section */
		84F57C402C57037300699656 /* PBXTargetDependency */ = {
			isa = PBXTargetDependency;
			target = 84F57C2D2C57037100699656 /* swiftUIPractice */;
			targetProxy = 84F57C3F2C57037300699656 /* PBXContainerItemProxy */;
		};
		84F57C4A2C57037300699656 /* PBXTargetDependency */ = {
			isa = PBXTargetDependency;
			target = 84F57C2D2C57037100699656 /* swiftUIPractice */;
			targetProxy = 84F57C492C57037300699656 /* PBXContainerItemProxy */;
		};
/* End PBXTargetDependency section */

/* Begin XCBuildConfiguration section */
		84F57C502C57037300699656 /* Debug */ = {
			isa = XCBuildConfiguration;
			buildSettings = {
				ALWAYS_SEARCH_USER_PATHS = NO;
				ASSETCATALOG_COMPILER_GENERATE_SWIFT_ASSET_SYMBOL_EXTENSIONS = YES;
				CLANG_ANALYZER_NONNULL = YES;
				CLANG_ANALYZER_NUMBER_OBJECT_CONVERSION = YES_AGGRESSIVE;
				CLANG_CXX_LANGUAGE_STANDARD = "gnu++20";
				CLANG_ENABLE_MODULES = YES;
				CLANG_ENABLE_OBJC_ARC = YES;
				CLANG_ENABLE_OBJC_WEAK = YES;
				CLANG_WARN_BLOCK_CAPTURE_AUTORELEASING = YES;
				CLANG_WARN_BOOL_CONVERSION = YES;
				CLANG_WARN_COMMA = YES;
				CLANG_WARN_CONSTANT_CONVERSION = YES;
				CLANG_WARN_DEPRECATED_OBJC_IMPLEMENTATIONS = YES;
				CLANG_WARN_DIRECT_OBJC_ISA_USAGE = YES_ERROR;
				CLANG_WARN_DOCUMENTATION_COMMENTS = YES;
				CLANG_WARN_EMPTY_BODY = YES;
				CLANG_WARN_ENUM_CONVERSION = YES;
				CLANG_WARN_INFINITE_RECURSION = YES;
				CLANG_WARN_INT_CONVERSION = YES;
				CLANG_WARN_NON_LITERAL_NULL_CONVERSION = YES;
				CLANG_WARN_OBJC_IMPLICIT_RETAIN_SELF = YES;
				CLANG_WARN_OBJC_LITERAL_CONVERSION = YES;
				CLANG_WARN_OBJC_ROOT_CLASS = YES_ERROR;
				CLANG_WARN_QUOTED_INCLUDE_IN_FRAMEWORK_HEADER = YES;
				CLANG_WARN_RANGE_LOOP_ANALYSIS = YES;
				CLANG_WARN_STRICT_PROTOTYPES = YES;
				CLANG_WARN_SUSPICIOUS_MOVE = YES;
				CLANG_WARN_UNGUARDED_AVAILABILITY = YES_AGGRESSIVE;
				CLANG_WARN_UNREACHABLE_CODE = YES;
				CLANG_WARN__DUPLICATE_METHOD_MATCH = YES;
				COPY_PHASE_STRIP = NO;
				DEBUG_INFORMATION_FORMAT = dwarf;
				ENABLE_STRICT_OBJC_MSGSEND = YES;
				ENABLE_TESTABILITY = YES;
				ENABLE_USER_SCRIPT_SANDBOXING = YES;
				GCC_C_LANGUAGE_STANDARD = gnu17;
				GCC_DYNAMIC_NO_PIC = NO;
				GCC_NO_COMMON_BLOCKS = YES;
				GCC_OPTIMIZATION_LEVEL = 0;
				GCC_PREPROCESSOR_DEFINITIONS = (
					"DEBUG=1",
					"$(inherited)",
				);
				GCC_WARN_64_TO_32_BIT_CONVERSION = YES;
				GCC_WARN_ABOUT_RETURN_TYPE = YES_ERROR;
				GCC_WARN_UNDECLARED_SELECTOR = YES;
				GCC_WARN_UNINITIALIZED_AUTOS = YES_AGGRESSIVE;
				GCC_WARN_UNUSED_FUNCTION = YES;
				GCC_WARN_UNUSED_VARIABLE = YES;
				IPHONEOS_DEPLOYMENT_TARGET = 17.5;
				LOCALIZATION_PREFERS_STRING_CATALOGS = YES;
				MTL_ENABLE_DEBUG_INFO = INCLUDE_SOURCE;
				MTL_FAST_MATH = YES;
				ONLY_ACTIVE_ARCH = YES;
				SDKROOT = iphoneos;
				SWIFT_ACTIVE_COMPILATION_CONDITIONS = "DEBUG $(inherited)";
				SWIFT_OPTIMIZATION_LEVEL = "-Onone";
			};
			name = Debug;
		};
		84F57C512C57037300699656 /* Release */ = {
			isa = XCBuildConfiguration;
			buildSettings = {
				ALWAYS_SEARCH_USER_PATHS = NO;
				ASSETCATALOG_COMPILER_GENERATE_SWIFT_ASSET_SYMBOL_EXTENSIONS = YES;
				CLANG_ANALYZER_NONNULL = YES;
				CLANG_ANALYZER_NUMBER_OBJECT_CONVERSION = YES_AGGRESSIVE;
				CLANG_CXX_LANGUAGE_STANDARD = "gnu++20";
				CLANG_ENABLE_MODULES = YES;
				CLANG_ENABLE_OBJC_ARC = YES;
				CLANG_ENABLE_OBJC_WEAK = YES;
				CLANG_WARN_BLOCK_CAPTURE_AUTORELEASING = YES;
				CLANG_WARN_BOOL_CONVERSION = YES;
				CLANG_WARN_COMMA = YES;
				CLANG_WARN_CONSTANT_CONVERSION = YES;
				CLANG_WARN_DEPRECATED_OBJC_IMPLEMENTATIONS = YES;
				CLANG_WARN_DIRECT_OBJC_ISA_USAGE = YES_ERROR;
				CLANG_WARN_DOCUMENTATION_COMMENTS = YES;
				CLANG_WARN_EMPTY_BODY = YES;
				CLANG_WARN_ENUM_CONVERSION = YES;
				CLANG_WARN_INFINITE_RECURSION = YES;
				CLANG_WARN_INT_CONVERSION = YES;
				CLANG_WARN_NON_LITERAL_NULL_CONVERSION = YES;
				CLANG_WARN_OBJC_IMPLICIT_RETAIN_SELF = YES;
				CLANG_WARN_OBJC_LITERAL_CONVERSION = YES;
				CLANG_WARN_OBJC_ROOT_CLASS = YES_ERROR;
				CLANG_WARN_QUOTED_INCLUDE_IN_FRAMEWORK_HEADER = YES;
				CLANG_WARN_RANGE_LOOP_ANALYSIS = YES;
				CLANG_WARN_STRICT_PROTOTYPES = YES;
				CLANG_WARN_SUSPICIOUS_MOVE = YES;
				CLANG_WARN_UNGUARDED_AVAILABILITY = YES_AGGRESSIVE;
				CLANG_WARN_UNREACHABLE_CODE = YES;
				CLANG_WARN__DUPLICATE_METHOD_MATCH = YES;
				COPY_PHASE_STRIP = NO;
				DEBUG_INFORMATION_FORMAT = "dwarf-with-dsym";
				ENABLE_NS_ASSERTIONS = NO;
				ENABLE_STRICT_OBJC_MSGSEND = YES;
				ENABLE_USER_SCRIPT_SANDBOXING = YES;
				GCC_C_LANGUAGE_STANDARD = gnu17;
				GCC_NO_COMMON_BLOCKS = YES;
				GCC_WARN_64_TO_32_BIT_CONVERSION = YES;
				GCC_WARN_ABOUT_RETURN_TYPE = YES_ERROR;
				GCC_WARN_UNDECLARED_SELECTOR = YES;
				GCC_WARN_UNINITIALIZED_AUTOS = YES_AGGRESSIVE;
				GCC_WARN_UNUSED_FUNCTION = YES;
				GCC_WARN_UNUSED_VARIABLE = YES;
				IPHONEOS_DEPLOYMENT_TARGET = 17.5;
				LOCALIZATION_PREFERS_STRING_CATALOGS = YES;
				MTL_ENABLE_DEBUG_INFO = NO;
				MTL_FAST_MATH = YES;
				SDKROOT = iphoneos;
				SWIFT_COMPILATION_MODE = wholemodule;
				VALIDATE_PRODUCT = YES;
			};
			name = Release;
		};
		84F57C532C57037300699656 /* Debug */ = {
			isa = XCBuildConfiguration;
			buildSettings = {
				ASSETCATALOG_COMPILER_APPICON_NAME = AppIcon;
				ASSETCATALOG_COMPILER_GLOBAL_ACCENT_COLOR_NAME = AccentColor;
				CODE_SIGN_STYLE = Automatic;
				CURRENT_PROJECT_VERSION = 1;
				DEVELOPMENT_ASSET_PATHS = "\"swiftUIPractice/Preview Content\"";
				DEVELOPMENT_TEAM = KFW63RJ4JK;
				ENABLE_PREVIEWS = YES;
				GENERATE_INFOPLIST_FILE = YES;
				INFOPLIST_KEY_UIApplicationSceneManifest_Generation = YES;
				INFOPLIST_KEY_UIApplicationSupportsIndirectInputEvents = YES;
				INFOPLIST_KEY_UILaunchScreen_Generation = YES;
				INFOPLIST_KEY_UISupportedInterfaceOrientations_iPad = "UIInterfaceOrientationPortrait UIInterfaceOrientationPortraitUpsideDown UIInterfaceOrientationLandscapeLeft UIInterfaceOrientationLandscapeRight";
				INFOPLIST_KEY_UISupportedInterfaceOrientations_iPhone = "UIInterfaceOrientationPortrait UIInterfaceOrientationLandscapeLeft UIInterfaceOrientationLandscapeRight";
				IPHONEOS_DEPLOYMENT_TARGET = 17.2;
				LD_RUNPATH_SEARCH_PATHS = (
					"$(inherited)",
					"@executable_path/Frameworks",
				);
				MARKETING_VERSION = 1.0;
				PRODUCT_BUNDLE_IDENTIFIER = com.test.app.swiftUIPractice;
				PRODUCT_NAME = "$(TARGET_NAME)";
				SWIFT_EMIT_LOC_STRINGS = YES;
				SWIFT_VERSION = 5.0;
				TARGETED_DEVICE_FAMILY = "1,2";
			};
			name = Debug;
		};
		84F57C542C57037300699656 /* Release */ = {
			isa = XCBuildConfiguration;
			buildSettings = {
				ASSETCATALOG_COMPILER_APPICON_NAME = AppIcon;
				ASSETCATALOG_COMPILER_GLOBAL_ACCENT_COLOR_NAME = AccentColor;
				CODE_SIGN_STYLE = Automatic;
				CURRENT_PROJECT_VERSION = 1;
				DEVELOPMENT_ASSET_PATHS = "\"swiftUIPractice/Preview Content\"";
				DEVELOPMENT_TEAM = KFW63RJ4JK;
				ENABLE_PREVIEWS = YES;
				GENERATE_INFOPLIST_FILE = YES;
				INFOPLIST_KEY_UIApplicationSceneManifest_Generation = YES;
				INFOPLIST_KEY_UIApplicationSupportsIndirectInputEvents = YES;
				INFOPLIST_KEY_UILaunchScreen_Generation = YES;
				INFOPLIST_KEY_UISupportedInterfaceOrientations_iPad = "UIInterfaceOrientationPortrait UIInterfaceOrientationPortraitUpsideDown UIInterfaceOrientationLandscapeLeft UIInterfaceOrientationLandscapeRight";
				INFOPLIST_KEY_UISupportedInterfaceOrientations_iPhone = "UIInterfaceOrientationPortrait UIInterfaceOrientationLandscapeLeft UIInterfaceOrientationLandscapeRight";
				IPHONEOS_DEPLOYMENT_TARGET = 17.2;
				LD_RUNPATH_SEARCH_PATHS = (
					"$(inherited)",
					"@executable_path/Frameworks",
				);
				MARKETING_VERSION = 1.0;
				PRODUCT_BUNDLE_IDENTIFIER = com.test.app.swiftUIPractice;
				PRODUCT_NAME = "$(TARGET_NAME)";
				SWIFT_EMIT_LOC_STRINGS = YES;
				SWIFT_VERSION = 5.0;
				TARGETED_DEVICE_FAMILY = "1,2";
			};
			name = Release;
		};
		84F57C562C57037300699656 /* Debug */ = {
			isa = XCBuildConfiguration;
			buildSettings = {
				ALWAYS_EMBED_SWIFT_STANDARD_LIBRARIES = YES;
				BUNDLE_LOADER = "$(TEST_HOST)";
				CODE_SIGN_STYLE = Automatic;
				CURRENT_PROJECT_VERSION = 1;
				DEVELOPMENT_TEAM = 89359WKHFY;
				GENERATE_INFOPLIST_FILE = YES;
				IPHONEOS_DEPLOYMENT_TARGET = 17.5;
				MARKETING_VERSION = 1.0;
				PRODUCT_BUNDLE_IDENTIFIER = com.test.app.swiftUIPracticeTests;
				PRODUCT_NAME = "$(TARGET_NAME)";
				SWIFT_EMIT_LOC_STRINGS = NO;
				SWIFT_VERSION = 5.0;
				TARGETED_DEVICE_FAMILY = "1,2";
				TEST_HOST = "$(BUILT_PRODUCTS_DIR)/swiftUIPractice.app/$(BUNDLE_EXECUTABLE_FOLDER_PATH)/swiftUIPractice";
			};
			name = Debug;
		};
		84F57C572C57037300699656 /* Release */ = {
			isa = XCBuildConfiguration;
			buildSettings = {
				ALWAYS_EMBED_SWIFT_STANDARD_LIBRARIES = YES;
				BUNDLE_LOADER = "$(TEST_HOST)";
				CODE_SIGN_STYLE = Automatic;
				CURRENT_PROJECT_VERSION = 1;
				DEVELOPMENT_TEAM = 89359WKHFY;
				GENERATE_INFOPLIST_FILE = YES;
				IPHONEOS_DEPLOYMENT_TARGET = 17.5;
				MARKETING_VERSION = 1.0;
				PRODUCT_BUNDLE_IDENTIFIER = com.test.app.swiftUIPracticeTests;
				PRODUCT_NAME = "$(TARGET_NAME)";
				SWIFT_EMIT_LOC_STRINGS = NO;
				SWIFT_VERSION = 5.0;
				TARGETED_DEVICE_FAMILY = "1,2";
				TEST_HOST = "$(BUILT_PRODUCTS_DIR)/swiftUIPractice.app/$(BUNDLE_EXECUTABLE_FOLDER_PATH)/swiftUIPractice";
			};
			name = Release;
		};
		84F57C592C57037300699656 /* Debug */ = {
			isa = XCBuildConfiguration;
			buildSettings = {
				ALWAYS_EMBED_SWIFT_STANDARD_LIBRARIES = YES;
				CODE_SIGN_STYLE = Automatic;
				CURRENT_PROJECT_VERSION = 1;
				DEVELOPMENT_TEAM = 89359WKHFY;
				GENERATE_INFOPLIST_FILE = YES;
				MARKETING_VERSION = 1.0;
				PRODUCT_BUNDLE_IDENTIFIER = com.test.app.swiftUIPracticeUITests;
				PRODUCT_NAME = "$(TARGET_NAME)";
				SWIFT_EMIT_LOC_STRINGS = NO;
				SWIFT_VERSION = 5.0;
				TARGETED_DEVICE_FAMILY = "1,2";
				TEST_TARGET_NAME = swiftUIPractice;
			};
			name = Debug;
		};
		84F57C5A2C57037300699656 /* Release */ = {
			isa = XCBuildConfiguration;
			buildSettings = {
				ALWAYS_EMBED_SWIFT_STANDARD_LIBRARIES = YES;
				CODE_SIGN_STYLE = Automatic;
				CURRENT_PROJECT_VERSION = 1;
				DEVELOPMENT_TEAM = 89359WKHFY;
				GENERATE_INFOPLIST_FILE = YES;
				MARKETING_VERSION = 1.0;
				PRODUCT_BUNDLE_IDENTIFIER = com.test.app.swiftUIPracticeUITests;
				PRODUCT_NAME = "$(TARGET_NAME)";
				SWIFT_EMIT_LOC_STRINGS = NO;
				SWIFT_VERSION = 5.0;
				TARGETED_DEVICE_FAMILY = "1,2";
				TEST_TARGET_NAME = swiftUIPractice;
			};
			name = Release;
		};
/* End XCBuildConfiguration section */

/* Begin XCConfigurationList section */
		84F57C292C57037100699656 /* Build configuration list for PBXProject "swiftUIPractice" */ = {
			isa = XCConfigurationList;
			buildConfigurations = (
				84F57C502C57037300699656 /* Debug */,
				84F57C512C57037300699656 /* Release */,
			);
			defaultConfigurationIsVisible = 0;
			defaultConfigurationName = Release;
		};
		84F57C522C57037300699656 /* Build configuration list for PBXNativeTarget "swiftUIPractice" */ = {
			isa = XCConfigurationList;
			buildConfigurations = (
				84F57C532C57037300699656 /* Debug */,
				84F57C542C57037300699656 /* Release */,
			);
			defaultConfigurationIsVisible = 0;
			defaultConfigurationName = Release;
		};
		84F57C552C57037300699656 /* Build configuration list for PBXNativeTarget "swiftUIPracticeTests" */ = {
			isa = XCConfigurationList;
			buildConfigurations = (
				84F57C562C57037300699656 /* Debug */,
				84F57C572C57037300699656 /* Release */,
			);
			defaultConfigurationIsVisible = 0;
			defaultConfigurationName = Release;
		};
		84F57C582C57037300699656 /* Build configuration list for PBXNativeTarget "swiftUIPracticeUITests" */ = {
			isa = XCConfigurationList;
			buildConfigurations = (
				84F57C592C57037300699656 /* Debug */,
				84F57C5A2C57037300699656 /* Release */,
			);
			defaultConfigurationIsVisible = 0;
			defaultConfigurationName = Release;
		};
/* End XCConfigurationList section */
	};
	rootObject = 84F57C262C57037100699656 /* Project object */;
}
